
Microsoft Visual Studio Solution File, Format Version 12.00
# Visual Studio Version 16
VisualStudioVersion = 16.0.30503.244
MinimumVisualStudioVersion = 10.0.40219.1
Project("{9A19103F-16F7-4668-BE54-9A1E7A4F7556}") = "EmployeeBlazor.API", "EmployeeBlazor.API\EmployeeBlazor.API.csproj", "{AA698D7A-0494-47B4-A936-7864FF916B8D}"
EndProject
Project("{9A19103F-16F7-4668-BE54-9A1E7A4F7556}") = "BlazorEmployee.Web", "BlazorEmployee.Web\BlazorEmployee.Web.csproj", "{23B54103-30CC-4755-BCF7-2E60ED612678}"
EndProject
Project("{FAE04EC0-301F-11D3-BF4B-00C04F79EFBC}") = "EmployeeBlazor.Model", "EmployeeBlazor.Model\EmployeeBlazor.Model.csproj", "{80789B44-91A1-46B0-9CC5-FBB1F241FB13}"
EndProject
Global
	GlobalSection(SolutionConfigurationPlatforms) = preSolution
		Debug|Any CPU = Debug|Any CPU
		Release|Any CPU = Release|Any CPU
	EndGlobalSection
	GlobalSection(ProjectConfigurationPlatforms) = postSolution
		{AA698D7A-0494-47B4-A936-7864FF916B8D}.Debug|Any CPU.ActiveCfg = Debug|Any CPU
		{AA698D7A-0494-47B4-A936-7864FF916B8D}.Debug|Any CPU.Build.0 = Debug|Any CPU
		{AA698D7A-0494-47B4-A936-7864FF916B8D}.Release|Any CPU.ActiveCfg = Release|Any CPU
		{AA698D7A-0494-47B4-A936-7864FF916B8D}.Release|Any CPU.Build.0 = Release|Any CPU
		{23B54103-30CC-4755-BCF7-2E60ED612678}.Debug|Any CPU.ActiveCfg = Debug|Any CPU
		{23B54103-30CC-4755-BCF7-2E60ED612678}.Debug|Any CPU.Build.0 = Debug|Any CPU
		{23B54103-30CC-4755-BCF7-2E60ED612678}.Release|Any CPU.ActiveCfg = Release|Any CPU
		{23B54103-30CC-4755-BCF7-2E60ED612678}.Release|Any CPU.Build.0 = Release|Any CPU
		{80789B44-91A1-46B0-9CC5-FBB1F241FB13}.Debug|Any CPU.ActiveCfg = Debug|Any CPU
		{80789B44-91A1-46B0-9CC5-FBB1F241FB13}.Debug|Any CPU.Build.0 = Debug|Any CPU
		{80789B44-91A1-46B0-9CC5-FBB1F241FB13}.Release|Any CPU.ActiveCfg = Release|Any CPU
		{80789B44-91A1-46B0-9CC5-FBB1F241FB13}.Release|Any CPU.Build.0 = Release|Any CPU
	EndGlobalSection
	GlobalSection(SolutionProperties) = preSolution
		HideSolutionNode = FALSE
	EndGlobalSection
	GlobalSection(ExtensibilityGlobals) = postSolution
		SolutionGuid = {9E201A98-B562-4D7B-AD89-9264384B4DF8}
	EndGlobalSection
EndGlobal
